// !$*UTF8*$!
{
	archiveVersion = 1;
	classes = {
	};
	objectVersion = 55;
	objects = {

/* Begin PBXBuildFile section */
		C02490B82778E743002CF04C /* WIshListItemsModel.swift in Sources */ = {isa = PBXBuildFile; fileRef = C02490B72778E742002CF04C /* WIshListItemsModel.swift */; };
		C0BA4CB02777892B0003CBA7 /* WishListTrackerApp.swift in Sources */ = {isa = PBXBuildFile; fileRef = C0BA4CAF2777892B0003CBA7 /* WishListTrackerApp.swift */; };
		C0BA4CB22777892B0003CBA7 /* ContentView.swift in Sources */ = {isa = PBXBuildFile; fileRef = C0BA4CB12777892B0003CBA7 /* ContentView.swift */; };
		C0BA4CB42777892D0003CBA7 /* Assets.xcassets in Resources */ = {isa = PBXBuildFile; fileRef = C0BA4CB32777892D0003CBA7 /* Assets.xcassets */; };
		C0BA4CB72777892D0003CBA7 /* Preview Assets.xcassets in Resources */ = {isa = PBXBuildFile; fileRef = C0BA4CB62777892D0003CBA7 /* Preview Assets.xcassets */; };
		C0BA4CBE277789520003CBA7 /* WishListItem.swift in Sources */ = {isa = PBXBuildFile; fileRef = C0BA4CBD277789520003CBA7 /* WishListItem.swift */; };
		C0BA4CC027778B6E0003CBA7 /* WishItemCellView.swift in Sources */ = {isa = PBXBuildFile; fileRef = C0BA4CBF27778B6E0003CBA7 /* WishItemCellView.swift */; };
		C0BA4CC2277797A70003CBA7 /* ObtainFavicon.swift in Sources */ = {isa = PBXBuildFile; fileRef = C0BA4CC1277797A70003CBA7 /* ObtainFavicon.swift */; };
		C0BA4CC62777A4370003CBA7 /* FaviconImgView.swift in Sources */ = {isa = PBXBuildFile; fileRef = C0BA4CC52777A4370003CBA7 /* FaviconImgView.swift */; };
/* End PBXBuildFile section */

/* Begin PBXFileReference section */
		C02490B72778E742002CF04C /* WIshListItemsModel.swift */ = {isa = PBXFileReference; lastKnownFileType = sourcecode.swift; path = WIshListItemsModel.swift; sourceTree = "<group>"; };
		C0BA4CAC2777892B0003CBA7 /* WishListTracker.app */ = {isa = PBXFileReference; explicitFileType = wrapper.application; includeInIndex = 0; path = WishListTracker.app; sourceTree = BUILT_PRODUCTS_DIR; };
		C0BA4CAF2777892B0003CBA7 /* WishListTrackerApp.swift */ = {isa = PBXFileReference; lastKnownFileType = sourcecode.swift; path = WishListTrackerApp.swift; sourceTree = "<group>"; };
		C0BA4CB12777892B0003CBA7 /* ContentView.swift */ = {isa = PBXFileReference; lastKnownFileType = sourcecode.swift; path = ContentView.swift; sourceTree = "<group>"; };
		C0BA4CB32777892D0003CBA7 /* Assets.xcassets */ = {isa = PBXFileReference; lastKnownFileType = folder.assetcatalog; path = Assets.xcassets; sourceTree = "<group>"; };
		C0BA4CB62777892D0003CBA7 /* Preview Assets.xcassets */ = {isa = PBXFileReference; lastKnownFileType = folder.assetcatalog; path = "Preview Assets.xcassets"; sourceTree = "<group>"; };
		C0BA4CBD277789520003CBA7 /* WishListItem.swift */ = {isa = PBXFileReference; lastKnownFileType = sourcecode.swift; path = WishListItem.swift; sourceTree = "<group>"; };
		C0BA4CBF27778B6E0003CBA7 /* WishItemCellView.swift */ = {isa = PBXFileReference; lastKnownFileType = sourcecode.swift; path = WishItemCellView.swift; sourceTree = "<group>"; };
		C0BA4CC1277797A70003CBA7 /* ObtainFavicon.swift */ = {isa = PBXFileReference; lastKnownFileType = sourcecode.swift; path = ObtainFavicon.swift; sourceTree = "<group>"; };
		C0BA4CC52777A4370003CBA7 /* FaviconImgView.swift */ = {isa = PBXFileReference; lastKnownFileType = sourcecode.swift; path = FaviconImgView.swift; sourceTree = "<group>"; };
/* End PBXFileReference section */

/* Begin PBXFrameworksBuildPhase section */
		C0BA4CA92777892B0003CBA7 /* Frameworks */ = {
			isa = PBXFrameworksBuildPhase;
			buildActionMask = 2147483647;
			files = (
			);
			runOnlyForDeploymentPostprocessing = 0;
		};
/* End PBXFrameworksBuildPhase section */

/* Begin PBXGroup section */
		C0BA4CA32777892B0003CBA7 = {
			isa = PBXGroup;
			children = (
				C0BA4CAE2777892B0003CBA7 /* WishListTracker */,
				C0BA4CAD2777892B0003CBA7 /* Products */,
			);
			sourceTree = "<group>";
		};
		C0BA4CAD2777892B0003CBA7 /* Products */ = {
			isa = PBXGroup;
			children = (
				C0BA4CAC2777892B0003CBA7 /* WishListTracker.app */,
			);
			name = Products;
			sourceTree = "<group>";
		};
		C0BA4CAE2777892B0003CBA7 /* WishListTracker */ = {
			isa = PBXGroup;
			children = (
				C0BA4CAF2777892B0003CBA7 /* WishListTrackerApp.swift */,
				C0BA4CB12777892B0003CBA7 /* ContentView.swift */,
				C0BA4CBD277789520003CBA7 /* WishListItem.swift */,
				C0BA4CBF27778B6E0003CBA7 /* WishItemCellView.swift */,
				C0BA4CC1277797A70003CBA7 /* ObtainFavicon.swift */,
				C0BA4CB32777892D0003CBA7 /* Assets.xcassets */,
				C0BA4CB52777892D0003CBA7 /* Preview Content */,
				C0BA4CC52777A4370003CBA7 /* FaviconImgView.swift */,
				C02490B72778E742002CF04C /* WIshListItemsModel.swift */,
			);
			path = WishListTracker;
			sourceTree = "<group>";
		};
		C0BA4CB52777892D0003CBA7 /* Preview Content */ = {
			isa = PBXGroup;
			children = (
				C0BA4CB62777892D0003CBA7 /* Preview Assets.xcassets */,
			);
			path = "Preview Content";
			sourceTree = "<group>";
		};
/* End PBXGroup section */

/* Begin PBXNativeTarget section */
		C0BA4CAB2777892B0003CBA7 /* WishListTracker */ = {
			isa = PBXNativeTarget;
			buildConfigurationList = C0BA4CBA2777892D0003CBA7 /* Build configuration list for PBXNativeTarget "WishListTracker" */;
			buildPhases = (
				C0BA4CA82777892B0003CBA7 /* Sources */,
				C0BA4CA92777892B0003CBA7 /* Frameworks */,
				C0BA4CAA2777892B0003CBA7 /* Resources */,
			);
			buildRules = (
			);
			dependencies = (
			);
			name = WishListTracker;
			productName = WishListTracker;
			productReference = C0BA4CAC2777892B0003CBA7 /* WishListTracker.app */;
			productType = "com.apple.product-type.application";
		};
/* End PBXNativeTarget section */

/* Begin PBXProject section */
		C0BA4CA42777892B0003CBA7 /* Project object */ = {
			isa = PBXProject;
			attributes = {
				BuildIndependentTargetsInParallel = 1;
				LastSwiftUpdateCheck = 1320;
				LastUpgradeCheck = 1320;
				TargetAttributes = {
					C0BA4CAB2777892B0003CBA7 = {
						CreatedOnToolsVersion = 13.2.1;
					};
				};
			};
			buildConfigurationList = C0BA4CA72777892B0003CBA7 /* Build configuration list for PBXProject "WishListTracker" */;
			compatibilityVersion = "Xcode 13.0";
			developmentRegion = en;
			hasScannedForEncodings = 0;
			knownRegions = (
				en,
				Base,
			);
			mainGroup = C0BA4CA32777892B0003CBA7;
			productRefGroup = C0BA4CAD2777892B0003CBA7 /* Products */;
			projectDirPath = "";
			projectRoot = "";
			targets = (
				C0BA4CAB2777892B0003CBA7 /* WishListTracker */,
			);
		};
/* End PBXProject section */

/* Begin PBXResourcesBuildPhase section */
		C0BA4CAA2777892B0003CBA7 /* Resources */ = {
			isa = PBXResourcesBuildPhase;
			buildActionMask = 2147483647;
			files = (
				C0BA4CB72777892D0003CBA7 /* Preview Assets.xcassets in Resources */,
				C0BA4CB42777892D0003CBA7 /* Assets.xcassets in Resources */,
			);
			runOnlyForDeploymentPostprocessing = 0;
		};
/* End PBXResourcesBuildPhase section */

/* Begin PBXSourcesBuildPhase section */
		C0BA4CA82777892B0003CBA7 /* Sources */ = {
			isa = PBXSourcesBuildPhase;
			buildActionMask = 2147483647;
			files = (
				C0BA4CBE277789520003CBA7 /* WishListItem.swift in Sources */,
				C0BA4CB22777892B0003CBA7 /* ContentView.swift in Sources */,
				C0BA4CC2277797A70003CBA7 /* ObtainFavicon.swift in Sources */,
				C0BA4CC027778B6E0003CBA7 /* WishItemCellView.swift in Sources */,
				C0BA4CB02777892B0003CBA7 /* WishListTrackerApp.swift in Sources */,
				C0BA4CC62777A4370003CBA7 /* FaviconImgView.swift in Sources */,
				C02490B82778E743002CF04C /* WIshListItemsModel.swift in Sources */,
			);
			runOnlyForDeploymentPostprocessing = 0;
		};
/* End PBXSourcesBuildPhase section */

/* Begin XCBuildConfiguration section */
		C0BA4CB82777892D0003CBA7 /* Debug */ = {
			isa = XCBuildConfiguration;
			buildSettings = {
				ALWAYS_SEARCH_USER_PATHS = NO;
				CLANG_ANALYZER_NONNULL = YES;
				CLANG_ANALYZER_NUMBER_OBJECT_CONVERSION = YES_AGGRESSIVE;
				CLANG_CXX_LANGUAGE_STANDARD = "gnu++17";
				CLANG_CXX_LIBRARY = "libc++";
				CLANG_ENABLE_MODULES = YES;
				CLANG_ENABLE_OBJC_ARC = YES;
				CLANG_ENABLE_OBJC_WEAK = YES;
				CLANG_WARN_BLOCK_CAPTURE_AUTORELEASING = YES;
				CLANG_WARN_BOOL_CONVERSION = YES;
				CLANG_WARN_COMMA = YES;
				CLANG_WARN_CONSTANT_CONVERSION = YES;
				CLANG_WARN_DEPRECATED_OBJC_IMPLEMENTATIONS = YES;
				CLANG_WARN_DIRECT_OBJC_ISA_USAGE = YES_ERROR;
				CLANG_WARN_DOCUMENTATION_COMMENTS = YES;
				CLANG_WARN_EMPTY_BODY = YES;
				CLANG_WARN_ENUM_CONVERSION = YES;
				CLANG_WARN_INFINITE_RECURSION = YES;
				CLANG_WARN_INT_CONVERSION = YES;
				CLANG_WARN_NON_LITERAL_NULL_CONVERSION = YES;
				CLANG_WARN_OBJC_IMPLICIT_RETAIN_SELF = YES;
				CLANG_WARN_OBJC_LITERAL_CONVERSION = YES;
				CLANG_WARN_OBJC_ROOT_CLASS = YES_ERROR;
				CLANG_WARN_QUOTED_INCLUDE_IN_FRAMEWORK_HEADER = YES;
				CLANG_WARN_RANGE_LOOP_ANALYSIS = YES;
				CLANG_WARN_STRICT_PROTOTYPES = YES;
				CLANG_WARN_SUSPICIOUS_MOVE = YES;
				CLANG_WARN_UNGUARDED_AVAILABILITY = YES_AGGRESSIVE;
				CLANG_WARN_UNREACHABLE_CODE = YES;
				CLANG_WARN__DUPLICATE_METHOD_MATCH = YES;
				COPY_PHASE_STRIP = NO;
				DEBUG_INFORMATION_FORMAT = dwarf;
				ENABLE_STRICT_OBJC_MSGSEND = YES;
				ENABLE_TESTABILITY = YES;
				GCC_C_LANGUAGE_STANDARD = gnu11;
				GCC_DYNAMIC_NO_PIC = NO;
				GCC_NO_COMMON_BLOCKS = YES;
				GCC_OPTIMIZATION_LEVEL = 0;
				GCC_PREPROCESSOR_DEFINITIONS = (
					"DEBUG=1",
					"$(inherited)",
				);
				GCC_WARN_64_TO_32_BIT_CONVERSION = YES;
				GCC_WARN_ABOUT_RETURN_TYPE = YES_ERROR;
				GCC_WARN_UNDECLARED_SELECTOR = YES;
				GCC_WARN_UNINITIALIZED_AUTOS = YES_AGGRESSIVE;
				GCC_WARN_UNUSED_FUNCTION = YES;
				GCC_WARN_UNUSED_VARIABLE = YES;
				IPHONEOS_DEPLOYMENT_TARGET = 15.2;
				MTL_ENABLE_DEBUG_INFO = INCLUDE_SOURCE;
				MTL_FAST_MATH = YES;
				ONLY_ACTIVE_ARCH = YES;
				SDKROOT = iphoneos;
				SWIFT_ACTIVE_COMPILATION_CONDITIONS = DEBUG;
				SWIFT_OPTIMIZATION_LEVEL = "-Onone";
			};
			name = Debug;
		};
		C0BA4CB92777892D0003CBA7 /* Release */ = {
			isa = XCBuildConfiguration;
			buildSettings = {
				ALWAYS_SEARCH_USER_PATHS = NO;
				CLANG_ANALYZER_NONNULL = YES;
				CLANG_ANALYZER_NUMBER_OBJECT_CONVERSION = YES_AGGRESSIVE;
				CLANG_CXX_LANGUAGE_STANDARD = "gnu++17";
				CLANG_CXX_LIBRARY = "libc++";
				CLANG_ENABLE_MODULES = YES;
				CLANG_ENABLE_OBJC_ARC = YES;
				CLANG_ENABLE_OBJC_WEAK = YES;
				CLANG_WARN_BLOCK_CAPTURE_AUTORELEASING = YES;
				CLANG_WARN_BOOL_CONVERSION = YES;
				CLANG_WARN_COMMA = YES;
				CLANG_WARN_CONSTANT_CONVERSION = YES;
				CLANG_WARN_DEPRECATED_OBJC_IMPLEMENTATIONS = YES;
				CLANG_WARN_DIRECT_OBJC_ISA_USAGE = YES_ERROR;
				CLANG_WARN_DOCUMENTATION_COMMENTS = YES;
				CLANG_WARN_EMPTY_BODY = YES;
				CLANG_WARN_ENUM_CONVERSION = YES;
				CLANG_WARN_INFINITE_RECURSION = YES;
				CLANG_WARN_INT_CONVERSION = YES;
				CLANG_WARN_NON_LITERAL_NULL_CONVERSION = YES;
				CLANG_WARN_OBJC_IMPLICIT_RETAIN_SELF = YES;
				CLANG_WARN_OBJC_LITERAL_CONVERSION = YES;
				CLANG_WARN_OBJC_ROOT_CLASS = YES_ERROR;
				CLANG_WARN_QUOTED_INCLUDE_IN_FRAMEWORK_HEADER = YES;
				CLANG_WARN_RANGE_LOOP_ANALYSIS = YES;
				CLANG_WARN_STRICT_PROTOTYPES = YES;
				CLANG_WARN_SUSPICIOUS_MOVE = YES;
				CLANG_WARN_UNGUARDED_AVAILABILITY = YES_AGGRESSIVE;
				CLANG_WARN_UNREACHABLE_CODE = YES;
				CLANG_WARN__DUPLICATE_METHOD_MATCH = YES;
				COPY_PHASE_STRIP = NO;
				DEBUG_INFORMATION_FORMAT = "dwarf-with-dsym";
				ENABLE_NS_ASSERTIONS = NO;
				ENABLE_STRICT_OBJC_MSGSEND = YES;
				GCC_C_LANGUAGE_STANDARD = gnu11;
				GCC_NO_COMMON_BLOCKS = YES;
				GCC_WARN_64_TO_32_BIT_CONVERSION = YES;
				GCC_WARN_ABOUT_RETURN_TYPE = YES_ERROR;
				GCC_WARN_UNDECLARED_SELECTOR = YES;
				GCC_WARN_UNINITIALIZED_AUTOS = YES_AGGRESSIVE;
				GCC_WARN_UNUSED_FUNCTION = YES;
				GCC_WARN_UNUSED_VARIABLE = YES;
				IPHONEOS_DEPLOYMENT_TARGET = 15.2;
				MTL_ENABLE_DEBUG_INFO = NO;
				MTL_FAST_MATH = YES;
				SDKROOT = iphoneos;
				SWIFT_COMPILATION_MODE = wholemodule;
				SWIFT_OPTIMIZATION_LEVEL = "-O";
				VALIDATE_PRODUCT = YES;
			};
			name = Release;
		};
		C0BA4CBB2777892D0003CBA7 /* Debug */ = {
			isa = XCBuildConfiguration;
			buildSettings = {
				ASSETCATALOG_COMPILER_APPICON_NAME = AppIcon;
				ASSETCATALOG_COMPILER_GLOBAL_ACCENT_COLOR_NAME = AccentColor;
				CODE_SIGN_STYLE = Automatic;
				CURRENT_PROJECT_VERSION = 1;
				DEVELOPMENT_ASSET_PATHS = "\"WishListTracker/Preview Content\"";
				DEVELOPMENT_TEAM = GYUF64C777;
				ENABLE_PREVIEWS = YES;
				GENERATE_INFOPLIST_FILE = YES;
				INFOPLIST_KEY_UIApplicationSceneManifest_Generation = YES;
				INFOPLIST_KEY_UIApplicationSupportsIndirectInputEvents = YES;
				INFOPLIST_KEY_UILaunchScreen_Generation = YES;
				INFOPLIST_KEY_UISupportedInterfaceOrientations_iPad = "UIInterfaceOrientationPortrait UIInterfaceOrientationPortraitUpsideDown UIInterfaceOrientationLandscapeLeft UIInterfaceOrientationLandscapeRight";
				INFOPLIST_KEY_UISupportedInterfaceOrientations_iPhone = "UIInterfaceOrientationPortrait UIInterfaceOrientationLandscapeLeft UIInterfaceOrientationLandscapeRight";
				LD_RUNPATH_SEARCH_PATHS = (
					"$(inherited)",
					"@executable_path/Frameworks",
				);
				MARKETING_VERSION = 1.0;
				PRODUCT_BUNDLE_IDENTIFIER = gabo.WishListTracker;
				PRODUCT_NAME = "$(TARGET_NAME)";
				SWIFT_EMIT_LOC_STRINGS = YES;
				SWIFT_VERSION = 5.0;
				TARGETED_DEVICE_FAMILY = "1,2";
			};
			name = Debug;
		};
		C0BA4CBC2777892D0003CBA7 /* Release */ = {
			isa = XCBuildConfiguration;
			buildSettings = {
				ASSETCATALOG_COMPILER_APPICON_NAME = AppIcon;
				ASSETCATALOG_COMPILER_GLOBAL_ACCENT_COLOR_NAME = AccentColor;
				CODE_SIGN_STYLE = Automatic;
				CURRENT_PROJECT_VERSION = 1;
				DEVELOPMENT_ASSET_PATHS = "\"WishListTracker/Preview Content\"";
				DEVELOPMENT_TEAM = GYUF64C777;
				ENABLE_PREVIEWS = YES;
				GENERATE_INFOPLIST_FILE = YES;
				INFOPLIST_KEY_UIApplicationSceneManifest_Generation = YES;
				INFOPLIST_KEY_UIApplicationSupportsIndirectInputEvents = YES;
				INFOPLIST_KEY_UILaunchScreen_Generation = YES;
				INFOPLIST_KEY_UISupportedInterfaceOrientations_iPad = "UIInterfaceOrientationPortrait UIInterfaceOrientationPortraitUpsideDown UIInterfaceOrientationLandscapeLeft UIInterfaceOrientationLandscapeRight";
				INFOPLIST_KEY_UISupportedInterfaceOrientations_iPhone = "UIInterfaceOrientationPortrait UIInterfaceOrientationLandscapeLeft UIInterfaceOrientationLandscapeRight";
				LD_RUNPATH_SEARCH_PATHS = (
					"$(inherited)",
					"@executable_path/Frameworks",
				);
				MARKETING_VERSION = 1.0;
				PRODUCT_BUNDLE_IDENTIFIER = gabo.WishListTracker;
				PRODUCT_NAME = "$(TARGET_NAME)";
				SWIFT_EMIT_LOC_STRINGS = YES;
				SWIFT_VERSION = 5.0;
				TARGETED_DEVICE_FAMILY = "1,2";
			};
			name = Release;
		};
/* End XCBuildConfiguration section */

/* Begin XCConfigurationList section */
		C0BA4CA72777892B0003CBA7 /* Build configuration list for PBXProject "WishListTracker" */ = {
			isa = XCConfigurationList;
			buildConfigurations = (
				C0BA4CB82777892D0003CBA7 /* Debug */,
				C0BA4CB92777892D0003CBA7 /* Release */,
			);
			defaultConfigurationIsVisible = 0;
			defaultConfigurationName = Release;
		};
		C0BA4CBA2777892D0003CBA7 /* Build configuration list for PBXNativeTarget "WishListTracker" */ = {
			isa = XCConfigurationList;
			buildConfigurations = (
				C0BA4CBB2777892D0003CBA7 /* Debug */,
				C0BA4CBC2777892D0003CBA7 /* Release */,
			);
			defaultConfigurationIsVisible = 0;
			defaultConfigurationName = Release;
		};
/* End XCConfigurationList section */
	};
	rootObject = C0BA4CA42777892B0003CBA7 /* Project object */;
}
